
Microsoft Visual Studio Solution File, Format Version 12.00
# Visual Studio 2013
VisualStudioVersion = 12.0.30501.0
MinimumVisualStudioVersion = 10.0.40219.1
Project("{FAE04EC0-301F-11D3-BF4B-00C04F79EFBC}") = "CY.IoTM.OnLineBusiness", "CY.IoTM.OnLineBusiness\CY.IoTM.OnLineBusiness.csproj", "{DEECB259-5BE6-4B75-A823-63EC14D9B158}"
EndProject
Project("{FAE04EC0-301F-11D3-BF4B-00C04F79EFBC}") = "CY.IoTM.OlbService", "CY.IoTM.OlbService\CY.IoTM.OlbService.csproj", "{1BC888AF-07AA-4BA1-BD9A-BCBFBA35EB76}"
EndProject
Project("{FAE04EC0-301F-11D3-BF4B-00C04F79EFBC}") = "CY.IoTM.OlbCommon", "CY.IoTM.OlbCommon\CY.IoTM.OlbCommon.csproj", "{3075E527-C083-415A-9048-6E1F203C4129}"
EndProject
Project("{00D1A9C2-B5F0-4AF3-8072-F6C62B433612}") = "Olb_DataBase", "Olb_DataBase\Olb_DataBase.sqlproj", "{C1CCFFED-7512-465E-9B34-FECCFA8749D7}"
EndProject
Global
	GlobalSection(SolutionConfigurationPlatforms) = preSolution
		Debug|Any CPU = Debug|Any CPU
		Release|Any CPU = Release|Any CPU
	EndGlobalSection
	GlobalSection(ProjectConfigurationPlatforms) = postSolution
		{DEECB259-5BE6-4B75-A823-63EC14D9B158}.Debug|Any CPU.ActiveCfg = Debug|Any CPU
		{DEECB259-5BE6-4B75-A823-63EC14D9B158}.Debug|Any CPU.Build.0 = Debug|Any CPU
		{DEECB259-5BE6-4B75-A823-63EC14D9B158}.Release|Any CPU.ActiveCfg = Release|Any CPU
		{DEECB259-5BE6-4B75-A823-63EC14D9B158}.Release|Any CPU.Build.0 = Release|Any CPU
		{1BC888AF-07AA-4BA1-BD9A-BCBFBA35EB76}.Debug|Any CPU.ActiveCfg = Debug|Any CPU
		{1BC888AF-07AA-4BA1-BD9A-BCBFBA35EB76}.Debug|Any CPU.Build.0 = Debug|Any CPU
		{1BC888AF-07AA-4BA1-BD9A-BCBFBA35EB76}.Release|Any CPU.ActiveCfg = Release|Any CPU
		{1BC888AF-07AA-4BA1-BD9A-BCBFBA35EB76}.Release|Any CPU.Build.0 = Release|Any CPU
		{3075E527-C083-415A-9048-6E1F203C4129}.Debug|Any CPU.ActiveCfg = Debug|Any CPU
		{3075E527-C083-415A-9048-6E1F203C4129}.Debug|Any CPU.Build.0 = Debug|Any CPU
		{3075E527-C083-415A-9048-6E1F203C4129}.Release|Any CPU.ActiveCfg = Release|Any CPU
		{3075E527-C083-415A-9048-6E1F203C4129}.Release|Any CPU.Build.0 = Release|Any CPU
		{C1CCFFED-7512-465E-9B34-FECCFA8749D7}.Debug|Any CPU.ActiveCfg = Debug|Any CPU
		{C1CCFFED-7512-465E-9B34-FECCFA8749D7}.Debug|Any CPU.Build.0 = Debug|Any CPU
		{C1CCFFED-7512-465E-9B34-FECCFA8749D7}.Debug|Any CPU.Deploy.0 = Debug|Any CPU
		{C1CCFFED-7512-465E-9B34-FECCFA8749D7}.Release|Any CPU.ActiveCfg = Release|Any CPU
		{C1CCFFED-7512-465E-9B34-FECCFA8749D7}.Release|Any CPU.Build.0 = Release|Any CPU
		{C1CCFFED-7512-465E-9B34-FECCFA8749D7}.Release|Any CPU.Deploy.0 = Release|Any CPU
	EndGlobalSection
	GlobalSection(SolutionProperties) = preSolution
		HideSolutionNode = FALSE
	EndGlobalSection
EndGlobal
